
Microsoft Visual Studio Solution File, Format Version 11.00
# Visual Studio 2010
Project("{FAE04EC0-301F-11D3-BF4B-00C04F79EFBC}") = "web-host", "web-host.csproj", "{5660C086-5943-437E-81FF-E791A65A2262}"
EndProject
Global
	GlobalSection(SolutionConfigurationPlatforms) = preSolution
		Debug|x86 = Debug|x86
		Release|x86 = Release|x86
	EndGlobalSection
	GlobalSection(ProjectConfigurationPlatforms) = postSolution
		{5660C086-5943-437E-81FF-E791A65A2262}.Debug|x86.ActiveCfg = Debug|x86
		{5660C086-5943-437E-81FF-E791A65A2262}.Debug|x86.Build.0 = Debug|x86
		{5660C086-5943-437E-81FF-E791A65A2262}.Release|x86.ActiveCfg = Release|x86
		{5660C086-5943-437E-81FF-E791A65A2262}.Release|x86.Build.0 = Release|x86
	EndGlobalSection
	GlobalSection(MonoDevelopProperties) = preSolution
		StartupItem = web-host.csproj
	EndGlobalSection
EndGlobal
